// !$*UTF8*$!
{
	archiveVersion = 1;
	classes = {
	};
	objectVersion = 50;
	objects = {

/* Begin PBXBuildFile section */
		19D78C5124A5283D0026EAD7 /* LearningApp.swift in Sources */ = {isa = PBXBuildFile; fileRef = 19D78C5024A5283D0026EAD7 /* LearningApp.swift */; };
		19D78C5524A5283F0026EAD7 /* Assets.xcassets in Resources */ = {isa = PBXBuildFile; fileRef = 19D78C5424A5283F0026EAD7 /* Assets.xcassets */; };
		19D78C5824A5283F0026EAD7 /* Preview Assets.xcassets in Resources */ = {isa = PBXBuildFile; fileRef = 19D78C5724A5283F0026EAD7 /* Preview Assets.xcassets */; };
		19D78C6324A5283F0026EAD7 /* LearningTests.swift in Sources */ = {isa = PBXBuildFile; fileRef = 19D78C6224A5283F0026EAD7 /* LearningTests.swift */; };
		19D78C6E24A5283F0026EAD7 /* LearningUITests.swift in Sources */ = {isa = PBXBuildFile; fileRef = 19D78C6D24A5283F0026EAD7 /* LearningUITests.swift */; };
		19D78C7E24A52A590026EAD7 /* MainView.swift in Sources */ = {isa = PBXBuildFile; fileRef = 19D78C7D24A52A590026EAD7 /* MainView.swift */; };
		19D78C8024A52A640026EAD7 /* MainViewModel.swift in Sources */ = {isa = PBXBuildFile; fileRef = 19D78C7F24A52A640026EAD7 /* MainViewModel.swift */; };
		19D78C8324A52F060026EAD7 /* Router.swift in Sources */ = {isa = PBXBuildFile; fileRef = 19D78C8224A52F060026EAD7 /* Router.swift */; };
		19D78C8624A5345E0026EAD7 /* SpeakButton.swift in Sources */ = {isa = PBXBuildFile; fileRef = 19D78C8524A5345E0026EAD7 /* SpeakButton.swift */; };
		19D78C8924A53D3D0026EAD7 /* ConversationView.swift in Sources */ = {isa = PBXBuildFile; fileRef = 19D78C8824A53D3D0026EAD7 /* ConversationView.swift */; };
		19D78C8B24A53D480026EAD7 /* ConversationViewModel.swift in Sources */ = {isa = PBXBuildFile; fileRef = 19D78C8A24A53D480026EAD7 /* ConversationViewModel.swift */; };
		19D78C8F24A54BA40026EAD7 /* ActivityIndicator.swift in Sources */ = {isa = PBXBuildFile; fileRef = 19D78C8E24A54BA40026EAD7 /* ActivityIndicator.swift */; };
		19D78C9324A5720C0026EAD7 /* PulsationView.swift in Sources */ = {isa = PBXBuildFile; fileRef = 19D78C9224A5720C0026EAD7 /* PulsationView.swift */; };
		19D78C9524A6642F0026EAD7 /* VoiceRecognizer.swift in Sources */ = {isa = PBXBuildFile; fileRef = 19D78C9424A6642F0026EAD7 /* VoiceRecognizer.swift */; };
		19D78C9724A67E910026EAD7 /* VoiceCommandManager.swift in Sources */ = {isa = PBXBuildFile; fileRef = 19D78C9624A67E910026EAD7 /* VoiceCommandManager.swift */; };
		19D78C9924A67FE10026EAD7 /* VoiceCommandRecognizer.swift in Sources */ = {isa = PBXBuildFile; fileRef = 19D78C9824A67FE10026EAD7 /* VoiceCommandRecognizer.swift */; };
		19D78C9C24A6819E0026EAD7 /* NetworkProvider.swift in Sources */ = {isa = PBXBuildFile; fileRef = 19D78C9B24A6819E0026EAD7 /* NetworkProvider.swift */; };
		19D78CA024A6F33C0026EAD7 /* LearnNewWordModel.swift in Sources */ = {isa = PBXBuildFile; fileRef = 19D78C9F24A6F33C0026EAD7 /* LearnNewWordModel.swift */; };
		19D78CA224A7ACD30026EAD7 /* ConversationViewItemsFactory.swift in Sources */ = {isa = PBXBuildFile; fileRef = 19D78CA124A7ACD30026EAD7 /* ConversationViewItemsFactory.swift */; };
		19D78CA424A8009C0026EAD7 /* ConversationItemViewModel.swift in Sources */ = {isa = PBXBuildFile; fileRef = 19D78CA324A8009C0026EAD7 /* ConversationItemViewModel.swift */; };
		19D78CA724A8060B0026EAD7 /* ConversationUserVoiceCell.swift in Sources */ = {isa = PBXBuildFile; fileRef = 19D78CA624A8060B0026EAD7 /* ConversationUserVoiceCell.swift */; };
/* End PBXBuildFile section */

/* Begin PBXContainerItemProxy section */
		19D78C5F24A5283F0026EAD7 /* PBXContainerItemProxy */ = {
			isa = PBXContainerItemProxy;
			containerPortal = 19D78C4524A5283D0026EAD7 /* Project object */;
			proxyType = 1;
			remoteGlobalIDString = 19D78C4C24A5283D0026EAD7;
			remoteInfo = Learning;
		};
		19D78C6A24A5283F0026EAD7 /* PBXContainerItemProxy */ = {
			isa = PBXContainerItemProxy;
			containerPortal = 19D78C4524A5283D0026EAD7 /* Project object */;
			proxyType = 1;
			remoteGlobalIDString = 19D78C4C24A5283D0026EAD7;
			remoteInfo = Learning;
		};
/* End PBXContainerItemProxy section */

/* Begin PBXFileReference section */
		19D78C4D24A5283D0026EAD7 /* Learning.app */ = {isa = PBXFileReference; explicitFileType = wrapper.application; includeInIndex = 0; path = Learning.app; sourceTree = BUILT_PRODUCTS_DIR; };
		19D78C5024A5283D0026EAD7 /* LearningApp.swift */ = {isa = PBXFileReference; lastKnownFileType = sourcecode.swift; path = LearningApp.swift; sourceTree = "<group>"; };
		19D78C5424A5283F0026EAD7 /* Assets.xcassets */ = {isa = PBXFileReference; lastKnownFileType = folder.assetcatalog; path = Assets.xcassets; sourceTree = "<group>"; };
		19D78C5724A5283F0026EAD7 /* Preview Assets.xcassets */ = {isa = PBXFileReference; lastKnownFileType = folder.assetcatalog; path = "Preview Assets.xcassets"; sourceTree = "<group>"; };
		19D78C5924A5283F0026EAD7 /* Info.plist */ = {isa = PBXFileReference; lastKnownFileType = text.plist.xml; path = Info.plist; sourceTree = "<group>"; };
		19D78C5E24A5283F0026EAD7 /* LearningTests.xctest */ = {isa = PBXFileReference; explicitFileType = wrapper.cfbundle; includeInIndex = 0; path = LearningTests.xctest; sourceTree = BUILT_PRODUCTS_DIR; };
		19D78C6224A5283F0026EAD7 /* LearningTests.swift */ = {isa = PBXFileReference; lastKnownFileType = sourcecode.swift; path = LearningTests.swift; sourceTree = "<group>"; };
		19D78C6424A5283F0026EAD7 /* Info.plist */ = {isa = PBXFileReference; lastKnownFileType = text.plist.xml; path = Info.plist; sourceTree = "<group>"; };
		19D78C6924A5283F0026EAD7 /* LearningUITests.xctest */ = {isa = PBXFileReference; explicitFileType = wrapper.cfbundle; includeInIndex = 0; path = LearningUITests.xctest; sourceTree = BUILT_PRODUCTS_DIR; };
		19D78C6D24A5283F0026EAD7 /* LearningUITests.swift */ = {isa = PBXFileReference; lastKnownFileType = sourcecode.swift; path = LearningUITests.swift; sourceTree = "<group>"; };
		19D78C6F24A5283F0026EAD7 /* Info.plist */ = {isa = PBXFileReference; lastKnownFileType = text.plist.xml; path = Info.plist; sourceTree = "<group>"; };
		19D78C7D24A52A590026EAD7 /* MainView.swift */ = {isa = PBXFileReference; lastKnownFileType = sourcecode.swift; path = MainView.swift; sourceTree = "<group>"; };
		19D78C7F24A52A640026EAD7 /* MainViewModel.swift */ = {isa = PBXFileReference; lastKnownFileType = sourcecode.swift; path = MainViewModel.swift; sourceTree = "<group>"; };
		19D78C8224A52F060026EAD7 /* Router.swift */ = {isa = PBXFileReference; lastKnownFileType = sourcecode.swift; path = Router.swift; sourceTree = "<group>"; };
		19D78C8524A5345E0026EAD7 /* SpeakButton.swift */ = {isa = PBXFileReference; lastKnownFileType = sourcecode.swift; path = SpeakButton.swift; sourceTree = "<group>"; };
		19D78C8824A53D3D0026EAD7 /* ConversationView.swift */ = {isa = PBXFileReference; lastKnownFileType = sourcecode.swift; path = ConversationView.swift; sourceTree = "<group>"; };
		19D78C8A24A53D480026EAD7 /* ConversationViewModel.swift */ = {isa = PBXFileReference; lastKnownFileType = sourcecode.swift; path = ConversationViewModel.swift; sourceTree = "<group>"; };
		19D78C8E24A54BA40026EAD7 /* ActivityIndicator.swift */ = {isa = PBXFileReference; lastKnownFileType = sourcecode.swift; path = ActivityIndicator.swift; sourceTree = "<group>"; };
		19D78C9224A5720C0026EAD7 /* PulsationView.swift */ = {isa = PBXFileReference; lastKnownFileType = sourcecode.swift; path = PulsationView.swift; sourceTree = "<group>"; };
		19D78C9424A6642F0026EAD7 /* VoiceRecognizer.swift */ = {isa = PBXFileReference; lastKnownFileType = sourcecode.swift; path = VoiceRecognizer.swift; sourceTree = "<group>"; };
		19D78C9624A67E910026EAD7 /* VoiceCommandManager.swift */ = {isa = PBXFileReference; lastKnownFileType = sourcecode.swift; path = VoiceCommandManager.swift; sourceTree = "<group>"; };
		19D78C9824A67FE10026EAD7 /* VoiceCommandRecognizer.swift */ = {isa = PBXFileReference; lastKnownFileType = sourcecode.swift; path = VoiceCommandRecognizer.swift; sourceTree = "<group>"; };
		19D78C9B24A6819E0026EAD7 /* NetworkProvider.swift */ = {isa = PBXFileReference; lastKnownFileType = sourcecode.swift; path = NetworkProvider.swift; sourceTree = "<group>"; };
		19D78C9F24A6F33C0026EAD7 /* LearnNewWordModel.swift */ = {isa = PBXFileReference; lastKnownFileType = sourcecode.swift; path = LearnNewWordModel.swift; sourceTree = "<group>"; };
		19D78CA124A7ACD30026EAD7 /* ConversationViewItemsFactory.swift */ = {isa = PBXFileReference; lastKnownFileType = sourcecode.swift; path = ConversationViewItemsFactory.swift; sourceTree = "<group>"; };
		19D78CA324A8009C0026EAD7 /* ConversationItemViewModel.swift */ = {isa = PBXFileReference; lastKnownFileType = sourcecode.swift; path = ConversationItemViewModel.swift; sourceTree = "<group>"; };
		19D78CA624A8060B0026EAD7 /* ConversationUserVoiceCell.swift */ = {isa = PBXFileReference; lastKnownFileType = sourcecode.swift; path = ConversationUserVoiceCell.swift; sourceTree = "<group>"; };
/* End PBXFileReference section */

/* Begin PBXFrameworksBuildPhase section */
		19D78C4A24A5283D0026EAD7 /* Frameworks */ = {
			isa = PBXFrameworksBuildPhase;
			buildActionMask = 2147483647;
			files = (
			);
			runOnlyForDeploymentPostprocessing = 0;
		};
		19D78C5B24A5283F0026EAD7 /* Frameworks */ = {
			isa = PBXFrameworksBuildPhase;
			buildActionMask = 2147483647;
			files = (
			);
			runOnlyForDeploymentPostprocessing = 0;
		};
		19D78C6624A5283F0026EAD7 /* Frameworks */ = {
			isa = PBXFrameworksBuildPhase;
			buildActionMask = 2147483647;
			files = (
			);
			runOnlyForDeploymentPostprocessing = 0;
		};
/* End PBXFrameworksBuildPhase section */

/* Begin PBXGroup section */
		19D78C4424A5283D0026EAD7 = {
			isa = PBXGroup;
			children = (
				19D78C4F24A5283D0026EAD7 /* Learning */,
				19D78C6124A5283F0026EAD7 /* LearningTests */,
				19D78C6C24A5283F0026EAD7 /* LearningUITests */,
				19D78C4E24A5283D0026EAD7 /* Products */,
			);
			sourceTree = "<group>";
		};
		19D78C4E24A5283D0026EAD7 /* Products */ = {
			isa = PBXGroup;
			children = (
				19D78C4D24A5283D0026EAD7 /* Learning.app */,
				19D78C5E24A5283F0026EAD7 /* LearningTests.xctest */,
				19D78C6924A5283F0026EAD7 /* LearningUITests.xctest */,
			);
			name = Products;
			sourceTree = "<group>";
		};
		19D78C4F24A5283D0026EAD7 /* Learning */ = {
			isa = PBXGroup;
			children = (
				19D78C8124A52EFB0026EAD7 /* Core */,
				19D78C7B24A529E60026EAD7 /* Modules */,
				19D78C5024A5283D0026EAD7 /* LearningApp.swift */,
				19D78C5424A5283F0026EAD7 /* Assets.xcassets */,
				19D78C5924A5283F0026EAD7 /* Info.plist */,
				19D78C5624A5283F0026EAD7 /* Preview Content */,
			);
			path = Learning;
			sourceTree = "<group>";
		};
		19D78C5624A5283F0026EAD7 /* Preview Content */ = {
			isa = PBXGroup;
			children = (
				19D78C5724A5283F0026EAD7 /* Preview Assets.xcassets */,
			);
			path = "Preview Content";
			sourceTree = "<group>";
		};
		19D78C6124A5283F0026EAD7 /* LearningTests */ = {
			isa = PBXGroup;
			children = (
				19D78C6224A5283F0026EAD7 /* LearningTests.swift */,
				19D78C6424A5283F0026EAD7 /* Info.plist */,
			);
			path = LearningTests;
			sourceTree = "<group>";
		};
		19D78C6C24A5283F0026EAD7 /* LearningUITests */ = {
			isa = PBXGroup;
			children = (
				19D78C6D24A5283F0026EAD7 /* LearningUITests.swift */,
				19D78C6F24A5283F0026EAD7 /* Info.plist */,
			);
			path = LearningUITests;
			sourceTree = "<group>";
		};
		19D78C7B24A529E60026EAD7 /* Modules */ = {
			isa = PBXGroup;
			children = (
				19D78C8724A53D2A0026EAD7 /* Conversation */,
				19D78C7C24A529F00026EAD7 /* Main */,
			);
			path = Modules;
			sourceTree = "<group>";
		};
		19D78C7C24A529F00026EAD7 /* Main */ = {
			isa = PBXGroup;
			children = (
				19D78C8424A5344E0026EAD7 /* Views */,
				19D78C7D24A52A590026EAD7 /* MainView.swift */,
				19D78C7F24A52A640026EAD7 /* MainViewModel.swift */,
			);
			path = Main;
			sourceTree = "<group>";
		};
		19D78C8124A52EFB0026EAD7 /* Core */ = {
			isa = PBXGroup;
			children = (
				19D78C9A24A6818E0026EAD7 /* Voice */,
				19D78C8C24A54B900026EAD7 /* UI */,
				19D78C8224A52F060026EAD7 /* Router.swift */,
				19D78C9D24A6F3200026EAD7 /* Network */,
			);
			path = Core;
			sourceTree = "<group>";
		};
		19D78C8424A5344E0026EAD7 /* Views */ = {
			isa = PBXGroup;
			children = (
				19D78C8524A5345E0026EAD7 /* SpeakButton.swift */,
			);
			path = Views;
			sourceTree = "<group>";
		};
		19D78C8724A53D2A0026EAD7 /* Conversation */ = {
			isa = PBXGroup;
			children = (
				19D78CA524A805EE0026EAD7 /* Cells */,
				19D78C8824A53D3D0026EAD7 /* ConversationView.swift */,
				19D78C8A24A53D480026EAD7 /* ConversationViewModel.swift */,
				19D78CA324A8009C0026EAD7 /* ConversationItemViewModel.swift */,
			);
			path = Conversation;
			sourceTree = "<group>";
		};
		19D78C8C24A54B900026EAD7 /* UI */ = {
			isa = PBXGroup;
			children = (
				19D78C8E24A54BA40026EAD7 /* ActivityIndicator.swift */,
				19D78C9224A5720C0026EAD7 /* PulsationView.swift */,
			);
			path = UI;
			sourceTree = "<group>";
		};
		19D78C9A24A6818E0026EAD7 /* Voice */ = {
			isa = PBXGroup;
			children = (
				19D78C9424A6642F0026EAD7 /* VoiceRecognizer.swift */,
				19D78C9624A67E910026EAD7 /* VoiceCommandManager.swift */,
				19D78C9824A67FE10026EAD7 /* VoiceCommandRecognizer.swift */,
			);
			path = Voice;
			sourceTree = "<group>";
		};
		19D78C9D24A6F3200026EAD7 /* Network */ = {
			isa = PBXGroup;
			children = (
				19D78C9E24A6F32F0026EAD7 /* Models */,
				19D78C9B24A6819E0026EAD7 /* NetworkProvider.swift */,
			);
			path = Network;
			sourceTree = "<group>";
		};
		19D78C9E24A6F32F0026EAD7 /* Models */ = {
			isa = PBXGroup;
			children = (
				19D78C9F24A6F33C0026EAD7 /* LearnNewWordModel.swift */,
			);
			path = Models;
			sourceTree = "<group>";
		};
		19D78CA524A805EE0026EAD7 /* Cells */ = {
			isa = PBXGroup;
			children = (
				19D78CA124A7ACD30026EAD7 /* ConversationViewItemsFactory.swift */,
				19D78CA624A8060B0026EAD7 /* ConversationUserVoiceCell.swift */,
			);
			path = Cells;
			sourceTree = "<group>";
		};
/* End PBXGroup section */

/* Begin PBXNativeTarget section */
		19D78C4C24A5283D0026EAD7 /* Learning */ = {
			isa = PBXNativeTarget;
			buildConfigurationList = 19D78C7224A5283F0026EAD7 /* Build configuration list for PBXNativeTarget "Learning" */;
			buildPhases = (
				19D78C4924A5283D0026EAD7 /* Sources */,
				19D78C4A24A5283D0026EAD7 /* Frameworks */,
				19D78C4B24A5283D0026EAD7 /* Resources */,
			);
			buildRules = (
			);
			dependencies = (
			);
			name = Learning;
			productName = Learning;
			productReference = 19D78C4D24A5283D0026EAD7 /* Learning.app */;
			productType = "com.apple.product-type.application";
		};
		19D78C5D24A5283F0026EAD7 /* LearningTests */ = {
			isa = PBXNativeTarget;
			buildConfigurationList = 19D78C7524A5283F0026EAD7 /* Build configuration list for PBXNativeTarget "LearningTests" */;
			buildPhases = (
				19D78C5A24A5283F0026EAD7 /* Sources */,
				19D78C5B24A5283F0026EAD7 /* Frameworks */,
				19D78C5C24A5283F0026EAD7 /* Resources */,
			);
			buildRules = (
			);
			dependencies = (
				19D78C6024A5283F0026EAD7 /* PBXTargetDependency */,
			);
			name = LearningTests;
			productName = LearningTests;
			productReference = 19D78C5E24A5283F0026EAD7 /* LearningTests.xctest */;
			productType = "com.apple.product-type.bundle.unit-test";
		};
		19D78C6824A5283F0026EAD7 /* LearningUITests */ = {
			isa = PBXNativeTarget;
			buildConfigurationList = 19D78C7824A5283F0026EAD7 /* Build configuration list for PBXNativeTarget "LearningUITests" */;
			buildPhases = (
				19D78C6524A5283F0026EAD7 /* Sources */,
				19D78C6624A5283F0026EAD7 /* Frameworks */,
				19D78C6724A5283F0026EAD7 /* Resources */,
			);
			buildRules = (
			);
			dependencies = (
				19D78C6B24A5283F0026EAD7 /* PBXTargetDependency */,
			);
			name = LearningUITests;
			productName = LearningUITests;
			productReference = 19D78C6924A5283F0026EAD7 /* LearningUITests.xctest */;
			productType = "com.apple.product-type.bundle.ui-testing";
		};
/* End PBXNativeTarget section */

/* Begin PBXProject section */
		19D78C4524A5283D0026EAD7 /* Project object */ = {
			isa = PBXProject;
			attributes = {
				LastSwiftUpdateCheck = 1200;
				LastUpgradeCheck = 1200;
				TargetAttributes = {
					19D78C4C24A5283D0026EAD7 = {
						CreatedOnToolsVersion = 12.0;
					};
					19D78C5D24A5283F0026EAD7 = {
						CreatedOnToolsVersion = 12.0;
						TestTargetID = 19D78C4C24A5283D0026EAD7;
					};
					19D78C6824A5283F0026EAD7 = {
						CreatedOnToolsVersion = 12.0;
						TestTargetID = 19D78C4C24A5283D0026EAD7;
					};
				};
			};
			buildConfigurationList = 19D78C4824A5283D0026EAD7 /* Build configuration list for PBXProject "Learning" */;
			compatibilityVersion = "Xcode 9.3";
			developmentRegion = en;
			hasScannedForEncodings = 0;
			knownRegions = (
				en,
				Base,
			);
			mainGroup = 19D78C4424A5283D0026EAD7;
			productRefGroup = 19D78C4E24A5283D0026EAD7 /* Products */;
			projectDirPath = "";
			projectRoot = "";
			targets = (
				19D78C4C24A5283D0026EAD7 /* Learning */,
				19D78C5D24A5283F0026EAD7 /* LearningTests */,
				19D78C6824A5283F0026EAD7 /* LearningUITests */,
			);
		};
/* End PBXProject section */

/* Begin PBXResourcesBuildPhase section */
		19D78C4B24A5283D0026EAD7 /* Resources */ = {
			isa = PBXResourcesBuildPhase;
			buildActionMask = 2147483647;
			files = (
				19D78C5824A5283F0026EAD7 /* Preview Assets.xcassets in Resources */,
				19D78C5524A5283F0026EAD7 /* Assets.xcassets in Resources */,
			);
			runOnlyForDeploymentPostprocessing = 0;
		};
		19D78C5C24A5283F0026EAD7 /* Resources */ = {
			isa = PBXResourcesBuildPhase;
			buildActionMask = 2147483647;
			files = (
			);
			runOnlyForDeploymentPostprocessing = 0;
		};
		19D78C6724A5283F0026EAD7 /* Resources */ = {
			isa = PBXResourcesBuildPhase;
			buildActionMask = 2147483647;
			files = (
			);
			runOnlyForDeploymentPostprocessing = 0;
		};
/* End PBXResourcesBuildPhase section */

/* Begin PBXSourcesBuildPhase section */
		19D78C4924A5283D0026EAD7 /* Sources */ = {
			isa = PBXSourcesBuildPhase;
			buildActionMask = 2147483647;
			files = (
				19D78CA424A8009C0026EAD7 /* ConversationItemViewModel.swift in Sources */,
				19D78CA724A8060B0026EAD7 /* ConversationUserVoiceCell.swift in Sources */,
				19D78C9C24A6819E0026EAD7 /* NetworkProvider.swift in Sources */,
				19D78C9324A5720C0026EAD7 /* PulsationView.swift in Sources */,
				19D78C9724A67E910026EAD7 /* VoiceCommandManager.swift in Sources */,
				19D78C8B24A53D480026EAD7 /* ConversationViewModel.swift in Sources */,
				19D78CA224A7ACD30026EAD7 /* ConversationViewItemsFactory.swift in Sources */,
				19D78C7E24A52A590026EAD7 /* MainView.swift in Sources */,
				19D78C8324A52F060026EAD7 /* Router.swift in Sources */,
				19D78C5124A5283D0026EAD7 /* LearningApp.swift in Sources */,
				19D78CA024A6F33C0026EAD7 /* LearnNewWordModel.swift in Sources */,
				19D78C8F24A54BA40026EAD7 /* ActivityIndicator.swift in Sources */,
				19D78C8624A5345E0026EAD7 /* SpeakButton.swift in Sources */,
				19D78C9924A67FE10026EAD7 /* VoiceCommandRecognizer.swift in Sources */,
				19D78C8024A52A640026EAD7 /* MainViewModel.swift in Sources */,
				19D78C9524A6642F0026EAD7 /* VoiceRecognizer.swift in Sources */,
				19D78C8924A53D3D0026EAD7 /* ConversationView.swift in Sources */,
			);
			runOnlyForDeploymentPostprocessing = 0;
		};
		19D78C5A24A5283F0026EAD7 /* Sources */ = {
			isa = PBXSourcesBuildPhase;
			buildActionMask = 2147483647;
			files = (
				19D78C6324A5283F0026EAD7 /* LearningTests.swift in Sources */,
			);
			runOnlyForDeploymentPostprocessing = 0;
		};
		19D78C6524A5283F0026EAD7 /* Sources */ = {
			isa = PBXSourcesBuildPhase;
			buildActionMask = 2147483647;
			files = (
				19D78C6E24A5283F0026EAD7 /* LearningUITests.swift in Sources */,
			);
			runOnlyForDeploymentPostprocessing = 0;
		};
/* End PBXSourcesBuildPhase section */

/* Begin PBXTargetDependency section */
		19D78C6024A5283F0026EAD7 /* PBXTargetDependency */ = {
			isa = PBXTargetDependency;
			target = 19D78C4C24A5283D0026EAD7 /* Learning */;
			targetProxy = 19D78C5F24A5283F0026EAD7 /* PBXContainerItemProxy */;
		};
		19D78C6B24A5283F0026EAD7 /* PBXTargetDependency */ = {
			isa = PBXTargetDependency;
			target = 19D78C4C24A5283D0026EAD7 /* Learning */;
			targetProxy = 19D78C6A24A5283F0026EAD7 /* PBXContainerItemProxy */;
		};
/* End PBXTargetDependency section */

/* Begin XCBuildConfiguration section */
		19D78C7024A5283F0026EAD7 /* Debug */ = {
			isa = XCBuildConfiguration;
			buildSettings = {
				ALWAYS_SEARCH_USER_PATHS = NO;
				CLANG_ANALYZER_NONNULL = YES;
				CLANG_ANALYZER_NUMBER_OBJECT_CONVERSION = YES_AGGRESSIVE;
				CLANG_CXX_LANGUAGE_STANDARD = "gnu++14";
				CLANG_CXX_LIBRARY = "libc++";
				CLANG_ENABLE_MODULES = YES;
				CLANG_ENABLE_OBJC_ARC = YES;
				CLANG_ENABLE_OBJC_WEAK = YES;
				CLANG_WARN_BLOCK_CAPTURE_AUTORELEASING = YES;
				CLANG_WARN_BOOL_CONVERSION = YES;
				CLANG_WARN_COMMA = YES;
				CLANG_WARN_CONSTANT_CONVERSION = YES;
				CLANG_WARN_DEPRECATED_OBJC_IMPLEMENTATIONS = YES;
				CLANG_WARN_DIRECT_OBJC_ISA_USAGE = YES_ERROR;
				CLANG_WARN_DOCUMENTATION_COMMENTS = YES;
				CLANG_WARN_EMPTY_BODY = YES;
				CLANG_WARN_ENUM_CONVERSION = YES;
				CLANG_WARN_INFINITE_RECURSION = YES;
				CLANG_WARN_INT_CONVERSION = YES;
				CLANG_WARN_NON_LITERAL_NULL_CONVERSION = YES;
				CLANG_WARN_OBJC_IMPLICIT_RETAIN_SELF = YES;
				CLANG_WARN_OBJC_LITERAL_CONVERSION = YES;
				CLANG_WARN_OBJC_ROOT_CLASS = YES_ERROR;
				CLANG_WARN_QUOTED_INCLUDE_IN_FRAMEWORK_HEADER = YES;
				CLANG_WARN_RANGE_LOOP_ANALYSIS = YES;
				CLANG_WARN_STRICT_PROTOTYPES = YES;
				CLANG_WARN_SUSPICIOUS_MOVE = YES;
				CLANG_WARN_UNGUARDED_AVAILABILITY = YES_AGGRESSIVE;
				CLANG_WARN_UNREACHABLE_CODE = YES;
				CLANG_WARN__DUPLICATE_METHOD_MATCH = YES;
				COPY_PHASE_STRIP = NO;
				DEBUG_INFORMATION_FORMAT = dwarf;
				ENABLE_STRICT_OBJC_MSGSEND = YES;
				ENABLE_TESTABILITY = YES;
				GCC_C_LANGUAGE_STANDARD = gnu11;
				GCC_DYNAMIC_NO_PIC = NO;
				GCC_NO_COMMON_BLOCKS = YES;
				GCC_OPTIMIZATION_LEVEL = 0;
				GCC_PREPROCESSOR_DEFINITIONS = (
					"DEBUG=1",
					"$(inherited)",
				);
				GCC_WARN_64_TO_32_BIT_CONVERSION = YES;
				GCC_WARN_ABOUT_RETURN_TYPE = YES_ERROR;
				GCC_WARN_UNDECLARED_SELECTOR = YES;
				GCC_WARN_UNINITIALIZED_AUTOS = YES_AGGRESSIVE;
				GCC_WARN_UNUSED_FUNCTION = YES;
				GCC_WARN_UNUSED_VARIABLE = YES;
				IPHONEOS_DEPLOYMENT_TARGET = 14.0;
				MTL_ENABLE_DEBUG_INFO = INCLUDE_SOURCE;
				MTL_FAST_MATH = YES;
				ONLY_ACTIVE_ARCH = YES;
				SDKROOT = iphoneos;
				SWIFT_ACTIVE_COMPILATION_CONDITIONS = DEBUG;
				SWIFT_OPTIMIZATION_LEVEL = "-Onone";
			};
			name = Debug;
		};
		19D78C7124A5283F0026EAD7 /* Release */ = {
			isa = XCBuildConfiguration;
			buildSettings = {
				ALWAYS_SEARCH_USER_PATHS = NO;
				CLANG_ANALYZER_NONNULL = YES;
				CLANG_ANALYZER_NUMBER_OBJECT_CONVERSION = YES_AGGRESSIVE;
				CLANG_CXX_LANGUAGE_STANDARD = "gnu++14";
				CLANG_CXX_LIBRARY = "libc++";
				CLANG_ENABLE_MODULES = YES;
				CLANG_ENABLE_OBJC_ARC = YES;
				CLANG_ENABLE_OBJC_WEAK = YES;
				CLANG_WARN_BLOCK_CAPTURE_AUTORELEASING = YES;
				CLANG_WARN_BOOL_CONVERSION = YES;
				CLANG_WARN_COMMA = YES;
				CLANG_WARN_CONSTANT_CONVERSION = YES;
				CLANG_WARN_DEPRECATED_OBJC_IMPLEMENTATIONS = YES;
				CLANG_WARN_DIRECT_OBJC_ISA_USAGE = YES_ERROR;
				CLANG_WARN_DOCUMENTATION_COMMENTS = YES;
				CLANG_WARN_EMPTY_BODY = YES;
				CLANG_WARN_ENUM_CONVERSION = YES;
				CLANG_WARN_INFINITE_RECURSION = YES;
				CLANG_WARN_INT_CONVERSION = YES;
				CLANG_WARN_NON_LITERAL_NULL_CONVERSION = YES;
				CLANG_WARN_OBJC_IMPLICIT_RETAIN_SELF = YES;
				CLANG_WARN_OBJC_LITERAL_CONVERSION = YES;
				CLANG_WARN_OBJC_ROOT_CLASS = YES_ERROR;
				CLANG_WARN_QUOTED_INCLUDE_IN_FRAMEWORK_HEADER = YES;
				CLANG_WARN_RANGE_LOOP_ANALYSIS = YES;
				CLANG_WARN_STRICT_PROTOTYPES = YES;
				CLANG_WARN_SUSPICIOUS_MOVE = YES;
				CLANG_WARN_UNGUARDED_AVAILABILITY = YES_AGGRESSIVE;
				CLANG_WARN_UNREACHABLE_CODE = YES;
				CLANG_WARN__DUPLICATE_METHOD_MATCH = YES;
				COPY_PHASE_STRIP = NO;
				DEBUG_INFORMATION_FORMAT = "dwarf-with-dsym";
				ENABLE_NS_ASSERTIONS = NO;
				ENABLE_STRICT_OBJC_MSGSEND = YES;
				GCC_C_LANGUAGE_STANDARD = gnu11;
				GCC_NO_COMMON_BLOCKS = YES;
				GCC_WARN_64_TO_32_BIT_CONVERSION = YES;
				GCC_WARN_ABOUT_RETURN_TYPE = YES_ERROR;
				GCC_WARN_UNDECLARED_SELECTOR = YES;
				GCC_WARN_UNINITIALIZED_AUTOS = YES_AGGRESSIVE;
				GCC_WARN_UNUSED_FUNCTION = YES;
				GCC_WARN_UNUSED_VARIABLE = YES;
				IPHONEOS_DEPLOYMENT_TARGET = 14.0;
				MTL_ENABLE_DEBUG_INFO = NO;
				MTL_FAST_MATH = YES;
				SDKROOT = iphoneos;
				SWIFT_COMPILATION_MODE = wholemodule;
				SWIFT_OPTIMIZATION_LEVEL = "-O";
				VALIDATE_PRODUCT = YES;
			};
			name = Release;
		};
		19D78C7324A5283F0026EAD7 /* Debug */ = {
			isa = XCBuildConfiguration;
			buildSettings = {
				ASSETCATALOG_COMPILER_APPICON_NAME = AppIcon;
				ASSETCATALOG_COMPILER_GLOBAL_ACCENT_COLOR_NAME = AccentColor;
				CODE_SIGN_STYLE = Automatic;
				DEVELOPMENT_ASSET_PATHS = "\"Learning/Preview Content\"";
				DEVELOPMENT_TEAM = "";
				ENABLE_PREVIEWS = YES;
				INFOPLIST_FILE = Learning/Info.plist;
				IPHONEOS_DEPLOYMENT_TARGET = 14.0;
				LD_RUNPATH_SEARCH_PATHS = (
					"$(inherited)",
					"@executable_path/Frameworks",
				);
				PRODUCT_BUNDLE_IDENTIFIER = "com.vp.custom-chat.Learning";
				PRODUCT_NAME = "$(TARGET_NAME)";
				SWIFT_VERSION = 5.0;
				TARGETED_DEVICE_FAMILY = "1,2";
			};
			name = Debug;
		};
		19D78C7424A5283F0026EAD7 /* Release */ = {
			isa = XCBuildConfiguration;
			buildSettings = {
				ASSETCATALOG_COMPILER_APPICON_NAME = AppIcon;
				ASSETCATALOG_COMPILER_GLOBAL_ACCENT_COLOR_NAME = AccentColor;
				CODE_SIGN_STYLE = Automatic;
				DEVELOPMENT_ASSET_PATHS = "\"Learning/Preview Content\"";
				DEVELOPMENT_TEAM = "";
				ENABLE_PREVIEWS = YES;
				INFOPLIST_FILE = Learning/Info.plist;
				IPHONEOS_DEPLOYMENT_TARGET = 14.0;
				LD_RUNPATH_SEARCH_PATHS = (
					"$(inherited)",
					"@executable_path/Frameworks",
				);
				PRODUCT_BUNDLE_IDENTIFIER = "com.vp.custom-chat.Learning";
				PRODUCT_NAME = "$(TARGET_NAME)";
				SWIFT_VERSION = 5.0;
				TARGETED_DEVICE_FAMILY = "1,2";
			};
			name = Release;
		};
		19D78C7624A5283F0026EAD7 /* Debug */ = {
			isa = XCBuildConfiguration;
			buildSettings = {
				ALWAYS_EMBED_SWIFT_STANDARD_LIBRARIES = YES;
				BUNDLE_LOADER = "$(TEST_HOST)";
				CODE_SIGN_STYLE = Automatic;
				INFOPLIST_FILE = LearningTests/Info.plist;
				IPHONEOS_DEPLOYMENT_TARGET = 14.0;
				LD_RUNPATH_SEARCH_PATHS = (
					"$(inherited)",
					"@executable_path/Frameworks",
					"@loader_path/Frameworks",
				);
				PRODUCT_BUNDLE_IDENTIFIER = "com.vp.custom-chat.LearningTests";
				PRODUCT_NAME = "$(TARGET_NAME)";
				SWIFT_VERSION = 5.0;
				TARGETED_DEVICE_FAMILY = "1,2";
				TEST_HOST = "$(BUILT_PRODUCTS_DIR)/Learning.app/Learning";
			};
			name = Debug;
		};
		19D78C7724A5283F0026EAD7 /* Release */ = {
			isa = XCBuildConfiguration;
			buildSettings = {
				ALWAYS_EMBED_SWIFT_STANDARD_LIBRARIES = YES;
				BUNDLE_LOADER = "$(TEST_HOST)";
				CODE_SIGN_STYLE = Automatic;
				INFOPLIST_FILE = LearningTests/Info.plist;
				IPHONEOS_DEPLOYMENT_TARGET = 14.0;
				LD_RUNPATH_SEARCH_PATHS = (
					"$(inherited)",
					"@executable_path/Frameworks",
					"@loader_path/Frameworks",
				);
				PRODUCT_BUNDLE_IDENTIFIER = "com.vp.custom-chat.LearningTests";
				PRODUCT_NAME = "$(TARGET_NAME)";
				SWIFT_VERSION = 5.0;
				TARGETED_DEVICE_FAMILY = "1,2";
				TEST_HOST = "$(BUILT_PRODUCTS_DIR)/Learning.app/Learning";
			};
			name = Release;
		};
		19D78C7924A5283F0026EAD7 /* Debug */ = {
			isa = XCBuildConfiguration;
			buildSettings = {
				ALWAYS_EMBED_SWIFT_STANDARD_LIBRARIES = YES;
				CODE_SIGN_STYLE = Automatic;
				INFOPLIST_FILE = LearningUITests/Info.plist;
				LD_RUNPATH_SEARCH_PATHS = (
					"$(inherited)",
					"@executable_path/Frameworks",
					"@loader_path/Frameworks",
				);
				PRODUCT_BUNDLE_IDENTIFIER = "com.vp.custom-chat.LearningUITests";
				PRODUCT_NAME = "$(TARGET_NAME)";
				SWIFT_VERSION = 5.0;
				TARGETED_DEVICE_FAMILY = "1,2";
				TEST_TARGET_NAME = Learning;
			};
			name = Debug;
		};
		19D78C7A24A5283F0026EAD7 /* Release */ = {
			isa = XCBuildConfiguration;
			buildSettings = {
				ALWAYS_EMBED_SWIFT_STANDARD_LIBRARIES = YES;
				CODE_SIGN_STYLE = Automatic;
				INFOPLIST_FILE = LearningUITests/Info.plist;
				LD_RUNPATH_SEARCH_PATHS = (
					"$(inherited)",
					"@executable_path/Frameworks",
					"@loader_path/Frameworks",
				);
				PRODUCT_BUNDLE_IDENTIFIER = "com.vp.custom-chat.LearningUITests";
				PRODUCT_NAME = "$(TARGET_NAME)";
				SWIFT_VERSION = 5.0;
				TARGETED_DEVICE_FAMILY = "1,2";
				TEST_TARGET_NAME = Learning;
			};
			name = Release;
		};
/* End XCBuildConfiguration section */

/* Begin XCConfigurationList section */
		19D78C4824A5283D0026EAD7 /* Build configuration list for PBXProject "Learning" */ = {
			isa = XCConfigurationList;
			buildConfigurations = (
				19D78C7024A5283F0026EAD7 /* Debug */,
				19D78C7124A5283F0026EAD7 /* Release */,
			);
			defaultConfigurationIsVisible = 0;
			defaultConfigurationName = Release;
		};
		19D78C7224A5283F0026EAD7 /* Build configuration list for PBXNativeTarget "Learning" */ = {
			isa = XCConfigurationList;
			buildConfigurations = (
				19D78C7324A5283F0026EAD7 /* Debug */,
				19D78C7424A5283F0026EAD7 /* Release */,
			);
			defaultConfigurationIsVisible = 0;
			defaultConfigurationName = Release;
		};
		19D78C7524A5283F0026EAD7 /* Build configuration list for PBXNativeTarget "LearningTests" */ = {
			isa = XCConfigurationList;
			buildConfigurations = (
				19D78C7624A5283F0026EAD7 /* Debug */,
				19D78C7724A5283F0026EAD7 /* Release */,
			);
			defaultConfigurationIsVisible = 0;
			defaultConfigurationName = Release;
		};
		19D78C7824A5283F0026EAD7 /* Build configuration list for PBXNativeTarget "LearningUITests" */ = {
			isa = XCConfigurationList;
			buildConfigurations = (
				19D78C7924A5283F0026EAD7 /* Debug */,
				19D78C7A24A5283F0026EAD7 /* Release */,
			);
			defaultConfigurationIsVisible = 0;
			defaultConfigurationName = Release;
		};
/* End XCConfigurationList section */
	};
	rootObject = 19D78C4524A5283D0026EAD7 /* Project object */;
}
